// !$*UTF8*$!
{
	archiveVersion = 1;
	classes = {
	};
	objectVersion = 46;
	objects = {

/* Begin PBXBuildFile section */
		3F02CE371B0A6313004702E1 /* AppDelegate.swift in Sources */ = {isa = PBXBuildFile; fileRef = 3F02CE361B0A6313004702E1 /* AppDelegate.swift */; };
		3F02CE391B0A6313004702E1 /* ViewController.swift in Sources */ = {isa = PBXBuildFile; fileRef = 3F02CE381B0A6313004702E1 /* ViewController.swift */; };
		3F02CE3C1B0A6313004702E1 /* Main.storyboard in Resources */ = {isa = PBXBuildFile; fileRef = 3F02CE3A1B0A6313004702E1 /* Main.storyboard */; };
		3F02CE3E1B0A6313004702E1 /* Images.xcassets in Resources */ = {isa = PBXBuildFile; fileRef = 3F02CE3D1B0A6313004702E1 /* Images.xcassets */; };
		3F02CE411B0A6313004702E1 /* LaunchScreen.xib in Resources */ = {isa = PBXBuildFile; fileRef = 3F02CE3F1B0A6313004702E1 /* LaunchScreen.xib */; };
		3F02CE4D1B0A6313004702E1 /* JingCareCamTests.swift in Sources */ = {isa = PBXBuildFile; fileRef = 3F02CE4C1B0A6313004702E1 /* JingCareCamTests.swift */; };
		3F02CE591B0A68DA004702E1 /* JingCareCamModel.swift in Sources */ = {isa = PBXBuildFile; fileRef = 3F02CE581B0A68DA004702E1 /* JingCareCamModel.swift */; };
/* End PBXBuildFile section */

/* Begin PBXContainerItemProxy section */
		3F02CE471B0A6313004702E1 /* PBXContainerItemProxy */ = {
			isa = PBXContainerItemProxy;
			containerPortal = 3F02CE291B0A6313004702E1 /* Project object */;
			proxyType = 1;
			remoteGlobalIDString = 3F02CE301B0A6313004702E1;
			remoteInfo = JingCareCam;
		};
/* End PBXContainerItemProxy section */

/* Begin PBXFileReference section */
		3F02CE311B0A6313004702E1 /* JingCareCam.app */ = {isa = PBXFileReference; explicitFileType = wrapper.application; includeInIndex = 0; path = JingCareCam.app; sourceTree = BUILT_PRODUCTS_DIR; };
		3F02CE351B0A6313004702E1 /* Info.plist */ = {isa = PBXFileReference; lastKnownFileType = text.plist.xml; path = Info.plist; sourceTree = "<group>"; };
		3F02CE361B0A6313004702E1 /* AppDelegate.swift */ = {isa = PBXFileReference; lastKnownFileType = sourcecode.swift; path = AppDelegate.swift; sourceTree = "<group>"; };
		3F02CE381B0A6313004702E1 /* ViewController.swift */ = {isa = PBXFileReference; lastKnownFileType = sourcecode.swift; path = ViewController.swift; sourceTree = "<group>"; };
		3F02CE3B1B0A6313004702E1 /* Base */ = {isa = PBXFileReference; lastKnownFileType = file.storyboard; name = Base; path = Base.lproj/Main.storyboard; sourceTree = "<group>"; };
		3F02CE3D1B0A6313004702E1 /* Images.xcassets */ = {isa = PBXFileReference; lastKnownFileType = folder.assetcatalog; path = Images.xcassets; sourceTree = "<group>"; };
		3F02CE401B0A6313004702E1 /* Base */ = {isa = PBXFileReference; lastKnownFileType = file.xib; name = Base; path = Base.lproj/LaunchScreen.xib; sourceTree = "<group>"; };
		3F02CE461B0A6313004702E1 /* JingCareCamTests.xctest */ = {isa = PBXFileReference; explicitFileType = wrapper.cfbundle; includeInIndex = 0; path = JingCareCamTests.xctest; sourceTree = BUILT_PRODUCTS_DIR; };
		3F02CE4B1B0A6313004702E1 /* Info.plist */ = {isa = PBXFileReference; lastKnownFileType = text.plist.xml; path = Info.plist; sourceTree = "<group>"; };
		3F02CE4C1B0A6313004702E1 /* JingCareCamTests.swift */ = {isa = PBXFileReference; lastKnownFileType = sourcecode.swift; path = JingCareCamTests.swift; sourceTree = "<group>"; };
		3F02CE581B0A68DA004702E1 /* JingCareCamModel.swift */ = {isa = PBXFileReference; fileEncoding = 4; lastKnownFileType = sourcecode.swift; path = JingCareCamModel.swift; sourceTree = "<group>"; };
/* End PBXFileReference section */

/* Begin PBXFrameworksBuildPhase section */
		3F02CE2E1B0A6313004702E1 /* Frameworks */ = {
			isa = PBXFrameworksBuildPhase;
			buildActionMask = 2147483647;
			files = (
			);
			runOnlyForDeploymentPostprocessing = 0;
		};
		3F02CE431B0A6313004702E1 /* Frameworks */ = {
			isa = PBXFrameworksBuildPhase;
			buildActionMask = 2147483647;
			files = (
			);
			runOnlyForDeploymentPostprocessing = 0;
		};
/* End PBXFrameworksBuildPhase section */

/* Begin PBXGroup section */
		3F02CE281B0A6313004702E1 = {
			isa = PBXGroup;
			children = (
				3F02CE581B0A68DA004702E1 /* JingCareCamModel.swift */,
				3F02CE331B0A6313004702E1 /* JingCareCam */,
				3F02CE491B0A6313004702E1 /* JingCareCamTests */,
				3F02CE321B0A6313004702E1 /* Products */,
			);
			sourceTree = "<group>";
		};
		3F02CE321B0A6313004702E1 /* Products */ = {
			isa = PBXGroup;
			children = (
				3F02CE311B0A6313004702E1 /* JingCareCam.app */,
				3F02CE461B0A6313004702E1 /* JingCareCamTests.xctest */,
			);
			name = Products;
			sourceTree = "<group>";
		};
		3F02CE331B0A6313004702E1 /* JingCareCam */ = {
			isa = PBXGroup;
			children = (
				3F02CE361B0A6313004702E1 /* AppDelegate.swift */,
				3F02CE381B0A6313004702E1 /* ViewController.swift */,
				3F02CE3A1B0A6313004702E1 /* Main.storyboard */,
				3F02CE3D1B0A6313004702E1 /* Images.xcassets */,
				3F02CE3F1B0A6313004702E1 /* LaunchScreen.xib */,
				3F02CE341B0A6313004702E1 /* Supporting Files */,
			);
			path = JingCareCam;
			sourceTree = "<group>";
		};
		3F02CE341B0A6313004702E1 /* Supporting Files */ = {
			isa = PBXGroup;
			children = (
				3F02CE351B0A6313004702E1 /* Info.plist */,
			);
			name = "Supporting Files";
			sourceTree = "<group>";
		};
		3F02CE491B0A6313004702E1 /* JingCareCamTests */ = {
			isa = PBXGroup;
			children = (
				3F02CE4C1B0A6313004702E1 /* JingCareCamTests.swift */,
				3F02CE4A1B0A6313004702E1 /* Supporting Files */,
			);
			path = JingCareCamTests;
			sourceTree = "<group>";
		};
		3F02CE4A1B0A6313004702E1 /* Supporting Files */ = {
			isa = PBXGroup;
			children = (
				3F02CE4B1B0A6313004702E1 /* Info.plist */,
			);
			name = "Supporting Files";
			sourceTree = "<group>";
		};
/* End PBXGroup section */

/* Begin PBXNativeTarget section */
		3F02CE301B0A6313004702E1 /* JingCareCam */ = {
			isa = PBXNativeTarget;
			buildConfigurationList = 3F02CE501B0A6313004702E1 /* Build configuration list for PBXNativeTarget "JingCareCam" */;
			buildPhases = (
				3F02CE2D1B0A6313004702E1 /* Sources */,
				3F02CE2E1B0A6313004702E1 /* Frameworks */,
				3F02CE2F1B0A6313004702E1 /* Resources */,
			);
			buildRules = (
			);
			dependencies = (
			);
			name = JingCareCam;
			productName = JingCareCam;
			productReference = 3F02CE311B0A6313004702E1 /* JingCareCam.app */;
			productType = "com.apple.product-type.application";
		};
		3F02CE451B0A6313004702E1 /* JingCareCamTests */ = {
			isa = PBXNativeTarget;
			buildConfigurationList = 3F02CE531B0A6313004702E1 /* Build configuration list for PBXNativeTarget "JingCareCamTests" */;
			buildPhases = (
				3F02CE421B0A6313004702E1 /* Sources */,
				3F02CE431B0A6313004702E1 /* Frameworks */,
				3F02CE441B0A6313004702E1 /* Resources */,
			);
			buildRules = (
			);
			dependencies = (
				3F02CE481B0A6313004702E1 /* PBXTargetDependency */,
			);
			name = JingCareCamTests;
			productName = JingCareCamTests;
			productReference = 3F02CE461B0A6313004702E1 /* JingCareCamTests.xctest */;
			productType = "com.apple.product-type.bundle.unit-test";
		};
/* End PBXNativeTarget section */

/* Begin PBXProject section */
		3F02CE291B0A6313004702E1 /* Project object */ = {
			isa = PBXProject;
			attributes = {
				LastUpgradeCheck = 0630;
				ORGANIZATIONNAME = "Jingqing Ren";
				TargetAttributes = {
					3F02CE301B0A6313004702E1 = {
						CreatedOnToolsVersion = 6.3.1;
					};
					3F02CE451B0A6313004702E1 = {
						CreatedOnToolsVersion = 6.3.1;
						TestTargetID = 3F02CE301B0A6313004702E1;
					};
				};
			};
			buildConfigurationList = 3F02CE2C1B0A6313004702E1 /* Build configuration list for PBXProject "JingCareCam" */;
			compatibilityVersion = "Xcode 3.2";
			developmentRegion = English;
			hasScannedForEncodings = 0;
			knownRegions = (
				en,
				Base,
			);
			mainGroup = 3F02CE281B0A6313004702E1;
			productRefGroup = 3F02CE321B0A6313004702E1 /* Products */;
			projectDirPath = "";
			projectRoot = "";
			targets = (
				3F02CE301B0A6313004702E1 /* JingCareCam */,
				3F02CE451B0A6313004702E1 /* JingCareCamTests */,
			);
		};
/* End PBXProject section */

/* Begin PBXResourcesBuildPhase section */
		3F02CE2F1B0A6313004702E1 /* Resources */ = {
			isa = PBXResourcesBuildPhase;
			buildActionMask = 2147483647;
			files = (
				3F02CE3C1B0A6313004702E1 /* Main.storyboard in Resources */,
				3F02CE411B0A6313004702E1 /* LaunchScreen.xib in Resources */,
				3F02CE3E1B0A6313004702E1 /* Images.xcassets in Resources */,
			);
			runOnlyForDeploymentPostprocessing = 0;
		};
		3F02CE441B0A6313004702E1 /* Resources */ = {
			isa = PBXResourcesBuildPhase;
			buildActionMask = 2147483647;
			files = (
			);
			runOnlyForDeploymentPostprocessing = 0;
		};
/* End PBXResourcesBuildPhase section */

/* Begin PBXSourcesBuildPhase section */
		3F02CE2D1B0A6313004702E1 /* Sources */ = {
			isa = PBXSourcesBuildPhase;
			buildActionMask = 2147483647;
			files = (
				3F02CE391B0A6313004702E1 /* ViewController.swift in Sources */,
				3F02CE591B0A68DA004702E1 /* JingCareCamModel.swift in Sources */,
				3F02CE371B0A6313004702E1 /* AppDelegate.swift in Sources */,
			);
			runOnlyForDeploymentPostprocessing = 0;
		};
		3F02CE421B0A6313004702E1 /* Sources */ = {
			isa = PBXSourcesBuildPhase;
			buildActionMask = 2147483647;
			files = (
				3F02CE4D1B0A6313004702E1 /* JingCareCamTests.swift in Sources */,
			);
			runOnlyForDeploymentPostprocessing = 0;
		};
/* End PBXSourcesBuildPhase section */

/* Begin PBXTargetDependency section */
		3F02CE481B0A6313004702E1 /* PBXTargetDependency */ = {
			isa = PBXTargetDependency;
			target = 3F02CE301B0A6313004702E1 /* JingCareCam */;
			targetProxy = 3F02CE471B0A6313004702E1 /* PBXContainerItemProxy */;
		};
/* End PBXTargetDependency section */

/* Begin PBXVariantGroup section */
		3F02CE3A1B0A6313004702E1 /* Main.storyboard */ = {
			isa = PBXVariantGroup;
			children = (
				3F02CE3B1B0A6313004702E1 /* Base */,
			);
			name = Main.storyboard;
			sourceTree = "<group>";
		};
		3F02CE3F1B0A6313004702E1 /* LaunchScreen.xib */ = {
			isa = PBXVariantGroup;
			children = (
				3F02CE401B0A6313004702E1 /* Base */,
			);
			name = LaunchScreen.xib;
			sourceTree = "<group>";
		};
/* End PBXVariantGroup section */

/* Begin XCBuildConfiguration section */
		3F02CE4E1B0A6313004702E1 /* Debug */ = {
			isa = XCBuildConfiguration;
			buildSettings = {
				ALWAYS_SEARCH_USER_PATHS = NO;
				CLANG_CXX_LANGUAGE_STANDARD = "gnu++0x";
				CLANG_CXX_LIBRARY = "libc++";
				CLANG_ENABLE_MODULES = YES;
				CLANG_ENABLE_OBJC_ARC = YES;
				CLANG_WARN_BOOL_CONVERSION = YES;
				CLANG_WARN_CONSTANT_CONVERSION = YES;
				CLANG_WARN_DIRECT_OBJC_ISA_USAGE = YES_ERROR;
				CLANG_WARN_EMPTY_BODY = YES;
				CLANG_WARN_ENUM_CONVERSION = YES;
				CLANG_WARN_INT_CONVERSION = YES;
				CLANG_WARN_OBJC_ROOT_CLASS = YES_ERROR;
				CLANG_WARN_UNREACHABLE_CODE = YES;
				CLANG_WARN__DUPLICATE_METHOD_MATCH = YES;
				"CODE_SIGN_IDENTITY[sdk=iphoneos*]" = "iPhone Developer";
				COPY_PHASE_STRIP = NO;
				DEBUG_INFORMATION_FORMAT = "dwarf-with-dsym";
				ENABLE_STRICT_OBJC_MSGSEND = YES;
				GCC_C_LANGUAGE_STANDARD = gnu99;
				GCC_DYNAMIC_NO_PIC = NO;
				GCC_NO_COMMON_BLOCKS = YES;
				GCC_OPTIMIZATION_LEVEL = 0;
				GCC_PREPROCESSOR_DEFINITIONS = (
					"DEBUG=1",
					"$(inherited)",
				);
				GCC_SYMBOLS_PRIVATE_EXTERN = NO;
				GCC_WARN_64_TO_32_BIT_CONVERSION = YES;
				GCC_WARN_ABOUT_RETURN_TYPE = YES_ERROR;
				GCC_WARN_UNDECLARED_SELECTOR = YES;
				GCC_WARN_UNINITIALIZED_AUTOS = YES_AGGRESSIVE;
				GCC_WARN_UNUSED_FUNCTION = YES;
				GCC_WARN_UNUSED_VARIABLE = YES;
				IPHONEOS_DEPLOYMENT_TARGET = 8.3;
				MTL_ENABLE_DEBUG_INFO = YES;
				ONLY_ACTIVE_ARCH = YES;
				SDKROOT = iphoneos;
				SWIFT_OPTIMIZATION_LEVEL = "-Onone";
			};
			name = Debug;
		};
		3F02CE4F1B0A6313004702E1 /* Release */ = {
			isa = XCBuildConfiguration;
			buildSettings = {
				ALWAYS_SEARCH_USER_PATHS = NO;
				CLANG_CXX_LANGUAGE_STANDARD = "gnu++0x";
				CLANG_CXX_LIBRARY = "libc++";
				CLANG_ENABLE_MODULES = YES;
				CLANG_ENABLE_OBJC_ARC = YES;
				CLANG_WARN_BOOL_CONVERSION = YES;
				CLANG_WARN_CONSTANT_CONVERSION = YES;
				CLANG_WARN_DIRECT_OBJC_ISA_USAGE = YES_ERROR;
				CLANG_WARN_EMPTY_BODY = YES;
				CLANG_WARN_ENUM_CONVERSION = YES;
				CLANG_WARN_INT_CONVERSION = YES;
				CLANG_WARN_OBJC_ROOT_CLASS = YES_ERROR;
				CLANG_WARN_UNREACHABLE_CODE = YES;
				CLANG_WARN__DUPLICATE_METHOD_MATCH = YES;
				"CODE_SIGN_IDENTITY[sdk=iphoneos*]" = "iPhone Developer";
				COPY_PHASE_STRIP = NO;
				DEBUG_INFORMATION_FORMAT = "dwarf-with-dsym";
				ENABLE_NS_ASSERTIONS = NO;
				ENABLE_STRICT_OBJC_MSGSEND = YES;
				GCC_C_LANGUAGE_STANDARD = gnu99;
				GCC_NO_COMMON_BLOCKS = YES;
				GCC_WARN_64_TO_32_BIT_CONVERSION = YES;
				GCC_WARN_ABOUT_RETURN_TYPE = YES_ERROR;
				GCC_WARN_UNDECLARED_SELECTOR = YES;
				GCC_WARN_UNINITIALIZED_AUTOS = YES_AGGRESSIVE;
				GCC_WARN_UNUSED_FUNCTION = YES;
				GCC_WARN_UNUSED_VARIABLE = YES;
				IPHONEOS_DEPLOYMENT_TARGET = 8.3;
				MTL_ENABLE_DEBUG_INFO = NO;
				SDKROOT = iphoneos;
				VALIDATE_PRODUCT = YES;
			};
			name = Release;
		};
		3F02CE511B0A6313004702E1 /* Debug */ = {
			isa = XCBuildConfiguration;
			buildSettings = {
				ASSETCATALOG_COMPILER_APPICON_NAME = AppIcon;
				INFOPLIST_FILE = JingCareCam/Info.plist;
				LD_RUNPATH_SEARCH_PATHS = "$(inherited) @executable_path/Frameworks";
				PRODUCT_NAME = "$(TARGET_NAME)";
			};
			name = Debug;
		};
		3F02CE521B0A6313004702E1 /* Release */ = {
			isa = XCBuildConfiguration;
			buildSettings = {
				ASSETCATALOG_COMPILER_APPICON_NAME = AppIcon;
				INFOPLIST_FILE = JingCareCam/Info.plist;
				LD_RUNPATH_SEARCH_PATHS = "$(inherited) @executable_path/Frameworks";
				PRODUCT_NAME = "$(TARGET_NAME)";
			};
			name = Release;
		};
		3F02CE541B0A6313004702E1 /* Debug */ = {
			isa = XCBuildConfiguration;
			buildSettings = {
				BUNDLE_LOADER = "$(TEST_HOST)";
				FRAMEWORK_SEARCH_PATHS = (
					"$(SDKROOT)/Developer/Library/Frameworks",
					"$(inherited)",
				);
				GCC_PREPROCESSOR_DEFINITIONS = (
					"DEBUG=1",
					"$(inherited)",
				);
				INFOPLIST_FILE = JingCareCamTests/Info.plist;
				LD_RUNPATH_SEARCH_PATHS = "$(inherited) @executable_path/Frameworks @loader_path/Frameworks";
				PRODUCT_NAME = "$(TARGET_NAME)";
				TEST_HOST = "$(BUILT_PRODUCTS_DIR)/JingCareCam.app/JingCareCam";
			};
			name = Debug;
		};
		3F02CE551B0A6313004702E1 /* Release */ = {
			isa = XCBuildConfiguration;
			buildSettings = {
				BUNDLE_LOADER = "$(TEST_HOST)";
				FRAMEWORK_SEARCH_PATHS = (
					"$(SDKROOT)/Developer/Library/Frameworks",
					"$(inherited)",
				);
				INFOPLIST_FILE = JingCareCamTests/Info.plist;
				LD_RUNPATH_SEARCH_PATHS = "$(inherited) @executable_path/Frameworks @loader_path/Frameworks";
				PRODUCT_NAME = "$(TARGET_NAME)";
				TEST_HOST = "$(BUILT_PRODUCTS_DIR)/JingCareCam.app/JingCareCam";
			};
			name = Release;
		};
/* End XCBuildConfiguration section */

/* Begin XCConfigurationList section */
		3F02CE2C1B0A6313004702E1 /* Build configuration list for PBXProject "JingCareCam" */ = {
			isa = XCConfigurationList;
			buildConfigurations = (
				3F02CE4E1B0A6313004702E1 /* Debug */,
				3F02CE4F1B0A6313004702E1 /* Release */,
			);
			defaultConfigurationIsVisible = 0;
			defaultConfigurationName = Release;
		};
		3F02CE501B0A6313004702E1 /* Build configuration list for PBXNativeTarget "JingCareCam" */ = {
			isa = XCConfigurationList;
			buildConfigurations = (
				3F02CE511B0A6313004702E1 /* Debug */,
				3F02CE521B0A6313004702E1 /* Release */,
			);
			defaultConfigurationIsVisible = 0;
			defaultConfigurationName = Release;
		};
		3F02CE531B0A6313004702E1 /* Build configuration list for PBXNativeTarget "JingCareCamTests" */ = {
			isa = XCConfigurationList;
			buildConfigurations = (
				3F02CE541B0A6313004702E1 /* Debug */,
				3F02CE551B0A6313004702E1 /* Release */,
			);
			defaultConfigurationIsVisible = 0;
			defaultConfigurationName = Release;
		};
/* End XCConfigurationList section */
	};
	rootObject = 3F02CE291B0A6313004702E1 /* Project object */;
}
